// !$*UTF8*$!
{
	archiveVersion = 1;
	classes = {
	};
	objectVersion = 48;
	objects = {

/* Begin PBXBuildFile section */
		960D02EA2033556F00321BC3 /* AppDelegate.swift in Sources */ = {isa = PBXBuildFile; fileRef = 960D02E92033556F00321BC3 /* AppDelegate.swift */; };
		960D02EC2033556F00321BC3 /* GameViewController.swift in Sources */ = {isa = PBXBuildFile; fileRef = 960D02EB2033556F00321BC3 /* GameViewController.swift */; };
		960D02EF2033556F00321BC3 /* Main.storyboard in Resources */ = {isa = PBXBuildFile; fileRef = 960D02ED2033556F00321BC3 /* Main.storyboard */; };
		960D02F22033556F00321BC3 /* LaunchScreen.storyboard in Resources */ = {isa = PBXBuildFile; fileRef = 960D02F02033556F00321BC3 /* LaunchScreen.storyboard */; };
		960D02FB2033556F00321BC3 /* AppDelegate.swift in Sources */ = {isa = PBXBuildFile; fileRef = 960D02FA2033556F00321BC3 /* AppDelegate.swift */; };
		960D02FD2033556F00321BC3 /* GameViewController.swift in Sources */ = {isa = PBXBuildFile; fileRef = 960D02FC2033556F00321BC3 /* GameViewController.swift */; };
		960D03002033556F00321BC3 /* Main.storyboard in Resources */ = {isa = PBXBuildFile; fileRef = 960D02FE2033556F00321BC3 /* Main.storyboard */; };
		960D03092033556F00321BC3 /* AppDelegate.swift in Sources */ = {isa = PBXBuildFile; fileRef = 960D03082033556F00321BC3 /* AppDelegate.swift */; };
		960D030B2033556F00321BC3 /* GameViewController.swift in Sources */ = {isa = PBXBuildFile; fileRef = 960D030A2033556F00321BC3 /* GameViewController.swift */; };
		960D030E2033556F00321BC3 /* Main.storyboard in Resources */ = {isa = PBXBuildFile; fileRef = 960D030C2033556F00321BC3 /* Main.storyboard */; };
		960D03102033556F00321BC3 /* Actions.sks in Resources */ = {isa = PBXBuildFile; fileRef = 960D02DE2033556F00321BC3 /* Actions.sks */; };
		960D03112033556F00321BC3 /* Actions.sks in Resources */ = {isa = PBXBuildFile; fileRef = 960D02DE2033556F00321BC3 /* Actions.sks */; };
		960D03122033556F00321BC3 /* Actions.sks in Resources */ = {isa = PBXBuildFile; fileRef = 960D02DE2033556F00321BC3 /* Actions.sks */; };
		960D03132033556F00321BC3 /* GameScene.sks in Resources */ = {isa = PBXBuildFile; fileRef = 960D02DF2033556F00321BC3 /* GameScene.sks */; };
		960D03142033556F00321BC3 /* GameScene.sks in Resources */ = {isa = PBXBuildFile; fileRef = 960D02DF2033556F00321BC3 /* GameScene.sks */; };
		960D03152033556F00321BC3 /* GameScene.sks in Resources */ = {isa = PBXBuildFile; fileRef = 960D02DF2033556F00321BC3 /* GameScene.sks */; };
		960D03162033556F00321BC3 /* GameScene.swift in Sources */ = {isa = PBXBuildFile; fileRef = 960D02E02033556F00321BC3 /* GameScene.swift */; };
		960D03172033556F00321BC3 /* GameScene.swift in Sources */ = {isa = PBXBuildFile; fileRef = 960D02E02033556F00321BC3 /* GameScene.swift */; };
		960D03182033556F00321BC3 /* GameScene.swift in Sources */ = {isa = PBXBuildFile; fileRef = 960D02E02033556F00321BC3 /* GameScene.swift */; };
		960D03192033556F00321BC3 /* Assets.xcassets in Resources */ = {isa = PBXBuildFile; fileRef = 960D02E12033556F00321BC3 /* Assets.xcassets */; };
		960D031A2033556F00321BC3 /* Assets.xcassets in Resources */ = {isa = PBXBuildFile; fileRef = 960D02E12033556F00321BC3 /* Assets.xcassets */; };
		960D031B2033556F00321BC3 /* Assets.xcassets in Resources */ = {isa = PBXBuildFile; fileRef = 960D02E12033556F00321BC3 /* Assets.xcassets */; };
/* End PBXBuildFile section */

/* Begin PBXFileReference section */
		960D02DE2033556F00321BC3 /* Actions.sks */ = {isa = PBXFileReference; lastKnownFileType = file.sks; path = Actions.sks; sourceTree = "<group>"; };
		960D02DF2033556F00321BC3 /* GameScene.sks */ = {isa = PBXFileReference; lastKnownFileType = file.sks; path = GameScene.sks; sourceTree = "<group>"; };
		960D02E02033556F00321BC3 /* GameScene.swift */ = {isa = PBXFileReference; lastKnownFileType = sourcecode.swift; path = GameScene.swift; sourceTree = "<group>"; };
		960D02E12033556F00321BC3 /* Assets.xcassets */ = {isa = PBXFileReference; lastKnownFileType = folder.assetcatalog; path = Assets.xcassets; sourceTree = "<group>"; };
		960D02E62033556F00321BC3 /* Animations.app */ = {isa = PBXFileReference; explicitFileType = wrapper.application; includeInIndex = 0; path = Animations.app; sourceTree = BUILT_PRODUCTS_DIR; };
		960D02E92033556F00321BC3 /* AppDelegate.swift */ = {isa = PBXFileReference; lastKnownFileType = sourcecode.swift; path = AppDelegate.swift; sourceTree = "<group>"; };
		960D02EB2033556F00321BC3 /* GameViewController.swift */ = {isa = PBXFileReference; lastKnownFileType = sourcecode.swift; path = GameViewController.swift; sourceTree = "<group>"; };
		960D02EE2033556F00321BC3 /* Base */ = {isa = PBXFileReference; lastKnownFileType = file.storyboard; name = Base; path = Base.lproj/Main.storyboard; sourceTree = "<group>"; };
		960D02F12033556F00321BC3 /* Base */ = {isa = PBXFileReference; lastKnownFileType = file.storyboard; name = Base; path = Base.lproj/LaunchScreen.storyboard; sourceTree = "<group>"; };
		960D02F32033556F00321BC3 /* Info.plist */ = {isa = PBXFileReference; lastKnownFileType = text.plist.xml; path = Info.plist; sourceTree = "<group>"; };
		960D02F82033556F00321BC3 /* Animations.app */ = {isa = PBXFileReference; explicitFileType = wrapper.application; includeInIndex = 0; path = Animations.app; sourceTree = BUILT_PRODUCTS_DIR; };
		960D02FA2033556F00321BC3 /* AppDelegate.swift */ = {isa = PBXFileReference; lastKnownFileType = sourcecode.swift; path = AppDelegate.swift; sourceTree = "<group>"; };
		960D02FC2033556F00321BC3 /* GameViewController.swift */ = {isa = PBXFileReference; lastKnownFileType = sourcecode.swift; path = GameViewController.swift; sourceTree = "<group>"; };
		960D02FF2033556F00321BC3 /* Base */ = {isa = PBXFileReference; lastKnownFileType = file.storyboard; name = Base; path = Base.lproj/Main.storyboard; sourceTree = "<group>"; };
		960D03012033556F00321BC3 /* Info.plist */ = {isa = PBXFileReference; lastKnownFileType = text.plist.xml; path = Info.plist; sourceTree = "<group>"; };
		960D03062033556F00321BC3 /* Animations.app */ = {isa = PBXFileReference; explicitFileType = wrapper.application; includeInIndex = 0; path = Animations.app; sourceTree = BUILT_PRODUCTS_DIR; };
		960D03082033556F00321BC3 /* AppDelegate.swift */ = {isa = PBXFileReference; lastKnownFileType = sourcecode.swift; path = AppDelegate.swift; sourceTree = "<group>"; };
		960D030A2033556F00321BC3 /* GameViewController.swift */ = {isa = PBXFileReference; lastKnownFileType = sourcecode.swift; path = GameViewController.swift; sourceTree = "<group>"; };
		960D030D2033556F00321BC3 /* Base */ = {isa = PBXFileReference; lastKnownFileType = file.storyboard; name = Base; path = Base.lproj/Main.storyboard; sourceTree = "<group>"; };
		960D030F2033556F00321BC3 /* Info.plist */ = {isa = PBXFileReference; lastKnownFileType = text.plist.xml; path = Info.plist; sourceTree = "<group>"; };
/* End PBXFileReference section */

/* Begin PBXFrameworksBuildPhase section */
		960D02E32033556F00321BC3 /* Frameworks */ = {
			isa = PBXFrameworksBuildPhase;
			buildActionMask = 2147483647;
			files = (
			);
			runOnlyForDeploymentPostprocessing = 0;
		};
		960D02F52033556F00321BC3 /* Frameworks */ = {
			isa = PBXFrameworksBuildPhase;
			buildActionMask = 2147483647;
			files = (
			);
			runOnlyForDeploymentPostprocessing = 0;
		};
		960D03032033556F00321BC3 /* Frameworks */ = {
			isa = PBXFrameworksBuildPhase;
			buildActionMask = 2147483647;
			files = (
			);
			runOnlyForDeploymentPostprocessing = 0;
		};
/* End PBXFrameworksBuildPhase section */

/* Begin PBXGroup section */
		960D02D82033556F00321BC3 = {
			isa = PBXGroup;
			children = (
				960D02DD2033556F00321BC3 /* Animations Shared */,
				960D02E82033556F00321BC3 /* Animations iOS */,
				960D02F92033556F00321BC3 /* Animations tvOS */,
				960D03072033556F00321BC3 /* Animations macOS */,
				960D02E72033556F00321BC3 /* Products */,
			);
			sourceTree = "<group>";
		};
		960D02DD2033556F00321BC3 /* Animations Shared */ = {
			isa = PBXGroup;
			children = (
				960D02DE2033556F00321BC3 /* Actions.sks */,
				960D02DF2033556F00321BC3 /* GameScene.sks */,
				960D02E02033556F00321BC3 /* GameScene.swift */,
				960D02E12033556F00321BC3 /* Assets.xcassets */,
			);
			path = "Animations Shared";
			sourceTree = "<group>";
		};
		960D02E72033556F00321BC3 /* Products */ = {
			isa = PBXGroup;
			children = (
				960D02E62033556F00321BC3 /* Animations.app */,
				960D02F82033556F00321BC3 /* Animations.app */,
				960D03062033556F00321BC3 /* Animations.app */,
			);
			name = Products;
			sourceTree = "<group>";
		};
		960D02E82033556F00321BC3 /* Animations iOS */ = {
			isa = PBXGroup;
			children = (
				960D02E92033556F00321BC3 /* AppDelegate.swift */,
				960D02EB2033556F00321BC3 /* GameViewController.swift */,
				960D02ED2033556F00321BC3 /* Main.storyboard */,
				960D02F02033556F00321BC3 /* LaunchScreen.storyboard */,
				960D02F32033556F00321BC3 /* Info.plist */,
			);
			path = "Animations iOS";
			sourceTree = "<group>";
		};
		960D02F92033556F00321BC3 /* Animations tvOS */ = {
			isa = PBXGroup;
			children = (
				960D02FA2033556F00321BC3 /* AppDelegate.swift */,
				960D02FC2033556F00321BC3 /* GameViewController.swift */,
				960D02FE2033556F00321BC3 /* Main.storyboard */,
				960D03012033556F00321BC3 /* Info.plist */,
			);
			path = "Animations tvOS";
			sourceTree = "<group>";
		};
		960D03072033556F00321BC3 /* Animations macOS */ = {
			isa = PBXGroup;
			children = (
				960D03082033556F00321BC3 /* AppDelegate.swift */,
				960D030A2033556F00321BC3 /* GameViewController.swift */,
				960D030C2033556F00321BC3 /* Main.storyboard */,
				960D030F2033556F00321BC3 /* Info.plist */,
			);
			path = "Animations macOS";
			sourceTree = "<group>";
		};
/* End PBXGroup section */

/* Begin PBXNativeTarget section */
		960D02E52033556F00321BC3 /* Animations iOS */ = {
			isa = PBXNativeTarget;
			buildConfigurationList = 960D031E2033556F00321BC3 /* Build configuration list for PBXNativeTarget "Animations iOS" */;
			buildPhases = (
				960D02E22033556F00321BC3 /* Sources */,
				960D02E32033556F00321BC3 /* Frameworks */,
				960D02E42033556F00321BC3 /* Resources */,
			);
			buildRules = (
			);
			dependencies = (
			);
			name = "Animations iOS";
			productName = "Animations iOS";
			productReference = 960D02E62033556F00321BC3 /* Animations.app */;
			productType = "com.apple.product-type.application";
		};
		960D02F72033556F00321BC3 /* Animations tvOS */ = {
			isa = PBXNativeTarget;
			buildConfigurationList = 960D03212033556F00321BC3 /* Build configuration list for PBXNativeTarget "Animations tvOS" */;
			buildPhases = (
				960D02F42033556F00321BC3 /* Sources */,
				960D02F52033556F00321BC3 /* Frameworks */,
				960D02F62033556F00321BC3 /* Resources */,
			);
			buildRules = (
			);
			dependencies = (
			);
			name = "Animations tvOS";
			productName = "Animations tvOS";
			productReference = 960D02F82033556F00321BC3 /* Animations.app */;
			productType = "com.apple.product-type.application";
		};
		960D03052033556F00321BC3 /* Animations macOS */ = {
			isa = PBXNativeTarget;
			buildConfigurationList = 960D03242033556F00321BC3 /* Build configuration list for PBXNativeTarget "Animations macOS" */;
			buildPhases = (
				960D03022033556F00321BC3 /* Sources */,
				960D03032033556F00321BC3 /* Frameworks */,
				960D03042033556F00321BC3 /* Resources */,
			);
			buildRules = (
			);
			dependencies = (
			);
			name = "Animations macOS";
			productName = "Animations macOS";
			productReference = 960D03062033556F00321BC3 /* Animations.app */;
			productType = "com.apple.product-type.application";
		};
/* End PBXNativeTarget section */

/* Begin PBXProject section */
		960D02D92033556F00321BC3 /* Project object */ = {
			isa = PBXProject;
			attributes = {
				LastSwiftUpdateCheck = 0920;
				LastUpgradeCheck = 0920;
				ORGANIZATIONNAME = "Илья Харабет";
				TargetAttributes = {
					960D02E52033556F00321BC3 = {
						CreatedOnToolsVersion = 9.2;
						ProvisioningStyle = Automatic;
					};
					960D02F72033556F00321BC3 = {
						CreatedOnToolsVersion = 9.2;
						ProvisioningStyle = Automatic;
					};
					960D03052033556F00321BC3 = {
						CreatedOnToolsVersion = 9.2;
						ProvisioningStyle = Automatic;
					};
				};
			};
			buildConfigurationList = 960D02DC2033556F00321BC3 /* Build configuration list for PBXProject "Animations" */;
			compatibilityVersion = "Xcode 8.0";
			developmentRegion = en;
			hasScannedForEncodings = 0;
			knownRegions = (
				en,
				Base,
			);
			mainGroup = 960D02D82033556F00321BC3;
			productRefGroup = 960D02E72033556F00321BC3 /* Products */;
			projectDirPath = "";
			projectRoot = "";
			targets = (
				960D02E52033556F00321BC3 /* Animations iOS */,
				960D02F72033556F00321BC3 /* Animations tvOS */,
				960D03052033556F00321BC3 /* Animations macOS */,
			);
		};
/* End PBXProject section */

/* Begin PBXResourcesBuildPhase section */
		960D02E42033556F00321BC3 /* Resources */ = {
			isa = PBXResourcesBuildPhase;
			buildActionMask = 2147483647;
			files = (
				960D03132033556F00321BC3 /* GameScene.sks in Resources */,
				960D02EF2033556F00321BC3 /* Main.storyboard in Resources */,
				960D03102033556F00321BC3 /* Actions.sks in Resources */,
				960D02F22033556F00321BC3 /* LaunchScreen.storyboard in Resources */,
				960D03192033556F00321BC3 /* Assets.xcassets in Resources */,
			);
			runOnlyForDeploymentPostprocessing = 0;
		};
		960D02F62033556F00321BC3 /* Resources */ = {
			isa = PBXResourcesBuildPhase;
			buildActionMask = 2147483647;
			files = (
				960D03002033556F00321BC3 /* Main.storyboard in Resources */,
				960D03142033556F00321BC3 /* GameScene.sks in Resources */,
				960D031A2033556F00321BC3 /* Assets.xcassets in Resources */,
				960D03112033556F00321BC3 /* Actions.sks in Resources */,
			);
			runOnlyForDeploymentPostprocessing = 0;
		};
		960D03042033556F00321BC3 /* Resources */ = {
			isa = PBXResourcesBuildPhase;
			buildActionMask = 2147483647;
			files = (
				960D030E2033556F00321BC3 /* Main.storyboard in Resources */,
				960D03152033556F00321BC3 /* GameScene.sks in Resources */,
				960D031B2033556F00321BC3 /* Assets.xcassets in Resources */,
				960D03122033556F00321BC3 /* Actions.sks in Resources */,
			);
			runOnlyForDeploymentPostprocessing = 0;
		};
/* End PBXResourcesBuildPhase section */

/* Begin PBXSourcesBuildPhase section */
		960D02E22033556F00321BC3 /* Sources */ = {
			isa = PBXSourcesBuildPhase;
			buildActionMask = 2147483647;
			files = (
				960D03162033556F00321BC3 /* GameScene.swift in Sources */,
				960D02EC2033556F00321BC3 /* GameViewController.swift in Sources */,
				960D02EA2033556F00321BC3 /* AppDelegate.swift in Sources */,
			);
			runOnlyForDeploymentPostprocessing = 0;
		};
		960D02F42033556F00321BC3 /* Sources */ = {
			isa = PBXSourcesBuildPhase;
			buildActionMask = 2147483647;
			files = (
				960D03172033556F00321BC3 /* GameScene.swift in Sources */,
				960D02FD2033556F00321BC3 /* GameViewController.swift in Sources */,
				960D02FB2033556F00321BC3 /* AppDelegate.swift in Sources */,
			);
			runOnlyForDeploymentPostprocessing = 0;
		};
		960D03022033556F00321BC3 /* Sources */ = {
			isa = PBXSourcesBuildPhase;
			buildActionMask = 2147483647;
			files = (
				960D03182033556F00321BC3 /* GameScene.swift in Sources */,
				960D030B2033556F00321BC3 /* GameViewController.swift in Sources */,
				960D03092033556F00321BC3 /* AppDelegate.swift in Sources */,
			);
			runOnlyForDeploymentPostprocessing = 0;
		};
/* End PBXSourcesBuildPhase section */

/* Begin PBXVariantGroup section */
		960D02ED2033556F00321BC3 /* Main.storyboard */ = {
			isa = PBXVariantGroup;
			children = (
				960D02EE2033556F00321BC3 /* Base */,
			);
			name = Main.storyboard;
			sourceTree = "<group>";
		};
		960D02F02033556F00321BC3 /* LaunchScreen.storyboard */ = {
			isa = PBXVariantGroup;
			children = (
				960D02F12033556F00321BC3 /* Base */,
			);
			name = LaunchScreen.storyboard;
			sourceTree = "<group>";
		};
		960D02FE2033556F00321BC3 /* Main.storyboard */ = {
			isa = PBXVariantGroup;
			children = (
				960D02FF2033556F00321BC3 /* Base */,
			);
			name = Main.storyboard;
			sourceTree = "<group>";
		};
		960D030C2033556F00321BC3 /* Main.storyboard */ = {
			isa = PBXVariantGroup;
			children = (
				960D030D2033556F00321BC3 /* Base */,
			);
			name = Main.storyboard;
			sourceTree = "<group>";
		};
/* End PBXVariantGroup section */

/* Begin XCBuildConfiguration section */
		960D031C2033556F00321BC3 /* Debug */ = {
			isa = XCBuildConfiguration;
			buildSettings = {
				ALWAYS_SEARCH_USER_PATHS = NO;
				CLANG_ANALYZER_NONNULL = YES;
				CLANG_ANALYZER_NUMBER_OBJECT_CONVERSION = YES_AGGRESSIVE;
				CLANG_CXX_LANGUAGE_STANDARD = "gnu++14";
				CLANG_CXX_LIBRARY = "libc++";
				CLANG_ENABLE_MODULES = YES;
				CLANG_ENABLE_OBJC_ARC = YES;
				CLANG_WARN_BLOCK_CAPTURE_AUTORELEASING = YES;
				CLANG_WARN_BOOL_CONVERSION = YES;
				CLANG_WARN_COMMA = YES;
				CLANG_WARN_CONSTANT_CONVERSION = YES;
				CLANG_WARN_DIRECT_OBJC_ISA_USAGE = YES_ERROR;
				CLANG_WARN_DOCUMENTATION_COMMENTS = YES;
				CLANG_WARN_EMPTY_BODY = YES;
				CLANG_WARN_ENUM_CONVERSION = YES;
				CLANG_WARN_INFINITE_RECURSION = YES;
				CLANG_WARN_INT_CONVERSION = YES;
				CLANG_WARN_NON_LITERAL_NULL_CONVERSION = YES;
				CLANG_WARN_OBJC_LITERAL_CONVERSION = YES;
				CLANG_WARN_OBJC_ROOT_CLASS = YES_ERROR;
				CLANG_WARN_RANGE_LOOP_ANALYSIS = YES;
				CLANG_WARN_STRICT_PROTOTYPES = YES;
				CLANG_WARN_SUSPICIOUS_MOVE = YES;
				CLANG_WARN_UNGUARDED_AVAILABILITY = YES_AGGRESSIVE;
				CLANG_WARN_UNREACHABLE_CODE = YES;
				CLANG_WARN__DUPLICATE_METHOD_MATCH = YES;
				COPY_PHASE_STRIP = NO;
				DEBUG_INFORMATION_FORMAT = dwarf;
				ENABLE_STRICT_OBJC_MSGSEND = YES;
				ENABLE_TESTABILITY = YES;
				GCC_C_LANGUAGE_STANDARD = gnu11;
				GCC_DYNAMIC_NO_PIC = NO;
				GCC_NO_COMMON_BLOCKS = YES;
				GCC_OPTIMIZATION_LEVEL = 0;
				GCC_PREPROCESSOR_DEFINITIONS = (
					"DEBUG=1",
					"$(inherited)",
				);
				GCC_WARN_64_TO_32_BIT_CONVERSION = YES;
				GCC_WARN_ABOUT_RETURN_TYPE = YES_ERROR;
				GCC_WARN_UNDECLARED_SELECTOR = YES;
				GCC_WARN_UNINITIALIZED_AUTOS = YES_AGGRESSIVE;
				GCC_WARN_UNUSED_FUNCTION = YES;
				GCC_WARN_UNUSED_VARIABLE = YES;
				MTL_ENABLE_DEBUG_INFO = YES;
				ONLY_ACTIVE_ARCH = YES;
				SWIFT_ACTIVE_COMPILATION_CONDITIONS = DEBUG;
				SWIFT_OPTIMIZATION_LEVEL = "-Onone";
			};
			name = Debug;
		};
		960D031D2033556F00321BC3 /* Release */ = {
			isa = XCBuildConfiguration;
			buildSettings = {
				ALWAYS_SEARCH_USER_PATHS = NO;
				CLANG_ANALYZER_NONNULL = YES;
				CLANG_ANALYZER_NUMBER_OBJECT_CONVERSION = YES_AGGRESSIVE;
				CLANG_CXX_LANGUAGE_STANDARD = "gnu++14";
				CLANG_CXX_LIBRARY = "libc++";
				CLANG_ENABLE_MODULES = YES;
				CLANG_ENABLE_OBJC_ARC = YES;
				CLANG_WARN_BLOCK_CAPTURE_AUTORELEASING = YES;
				CLANG_WARN_BOOL_CONVERSION = YES;
				CLANG_WARN_COMMA = YES;
				CLANG_WARN_CONSTANT_CONVERSION = YES;
				CLANG_WARN_DIRECT_OBJC_ISA_USAGE = YES_ERROR;
				CLANG_WARN_DOCUMENTATION_COMMENTS = YES;
				CLANG_WARN_EMPTY_BODY = YES;
				CLANG_WARN_ENUM_CONVERSION = YES;
				CLANG_WARN_INFINITE_RECURSION = YES;
				CLANG_WARN_INT_CONVERSION = YES;
				CLANG_WARN_NON_LITERAL_NULL_CONVERSION = YES;
				CLANG_WARN_OBJC_LITERAL_CONVERSION = YES;
				CLANG_WARN_OBJC_ROOT_CLASS = YES_ERROR;
				CLANG_WARN_RANGE_LOOP_ANALYSIS = YES;
				CLANG_WARN_STRICT_PROTOTYPES = YES;
				CLANG_WARN_SUSPICIOUS_MOVE = YES;
				CLANG_WARN_UNGUARDED_AVAILABILITY = YES_AGGRESSIVE;
				CLANG_WARN_UNREACHABLE_CODE = YES;
				CLANG_WARN__DUPLICATE_METHOD_MATCH = YES;
				COPY_PHASE_STRIP = NO;
				DEBUG_INFORMATION_FORMAT = "dwarf-with-dsym";
				ENABLE_NS_ASSERTIONS = NO;
				ENABLE_STRICT_OBJC_MSGSEND = YES;
				GCC_C_LANGUAGE_STANDARD = gnu11;
				GCC_NO_COMMON_BLOCKS = YES;
				GCC_WARN_64_TO_32_BIT_CONVERSION = YES;
				GCC_WARN_ABOUT_RETURN_TYPE = YES_ERROR;
				GCC_WARN_UNDECLARED_SELECTOR = YES;
				GCC_WARN_UNINITIALIZED_AUTOS = YES_AGGRESSIVE;
				GCC_WARN_UNUSED_FUNCTION = YES;
				GCC_WARN_UNUSED_VARIABLE = YES;
				MTL_ENABLE_DEBUG_INFO = NO;
				SWIFT_OPTIMIZATION_LEVEL = "-Owholemodule";
			};
			name = Release;
		};
		960D031F2033556F00321BC3 /* Debug */ = {
			isa = XCBuildConfiguration;
			buildSettings = {
				ASSETCATALOG_COMPILER_APPICON_NAME = AppIcon;
				CODE_SIGN_IDENTITY = "iPhone Developer";
				CODE_SIGN_STYLE = Automatic;
				DEVELOPMENT_TEAM = 485UNLA592;
				INFOPLIST_FILE = "Animations iOS/Info.plist";
				IPHONEOS_DEPLOYMENT_TARGET = 10.0;
				LD_RUNPATH_SEARCH_PATHS = "$(inherited) @executable_path/Frameworks";
				PRODUCT_BUNDLE_IDENTIFIER = com.mesterra.Animations;
				PRODUCT_NAME = Animations;
				SDKROOT = iphoneos;
				SWIFT_VERSION = 4.0;
				TARGETED_DEVICE_FAMILY = "1,2";
			};
			name = Debug;
		};
		960D03202033556F00321BC3 /* Release */ = {
			isa = XCBuildConfiguration;
			buildSettings = {
				ASSETCATALOG_COMPILER_APPICON_NAME = AppIcon;
				CODE_SIGN_IDENTITY = "iPhone Developer";
				CODE_SIGN_STYLE = Automatic;
				DEVELOPMENT_TEAM = 485UNLA592;
				INFOPLIST_FILE = "Animations iOS/Info.plist";
				IPHONEOS_DEPLOYMENT_TARGET = 10.0;
				LD_RUNPATH_SEARCH_PATHS = "$(inherited) @executable_path/Frameworks";
				PRODUCT_BUNDLE_IDENTIFIER = com.mesterra.Animations;
				PRODUCT_NAME = Animations;
				SDKROOT = iphoneos;
				SWIFT_VERSION = 4.0;
				TARGETED_DEVICE_FAMILY = "1,2";
				VALIDATE_PRODUCT = YES;
			};
			name = Release;
		};
		960D03222033556F00321BC3 /* Debug */ = {
			isa = XCBuildConfiguration;
			buildSettings = {
				ASSETCATALOG_COMPILER_APPICON_NAME = "tvOS App Icon & Top Shelf Image";
				ASSETCATALOG_COMPILER_LAUNCHIMAGE_NAME = "tvOS LaunchImage";
				CODE_SIGN_STYLE = Automatic;
				DEVELOPMENT_TEAM = 485UNLA592;
				INFOPLIST_FILE = "Animations tvOS/Info.plist";
				LD_RUNPATH_SEARCH_PATHS = "$(inherited) @executable_path/Frameworks";
				PRODUCT_BUNDLE_IDENTIFIER = com.mesterra.Animations;
				PRODUCT_NAME = Animations;
				SDKROOT = appletvos;
				SWIFT_VERSION = 4.0;
				TARGETED_DEVICE_FAMILY = 3;
				TVOS_DEPLOYMENT_TARGET = 11.2;
			};
			name = Debug;
		};
		960D03232033556F00321BC3 /* Release */ = {
			isa = XCBuildConfiguration;
			buildSettings = {
				ASSETCATALOG_COMPILER_APPICON_NAME = "tvOS App Icon & Top Shelf Image";
				ASSETCATALOG_COMPILER_LAUNCHIMAGE_NAME = "tvOS LaunchImage";
				CODE_SIGN_STYLE = Automatic;
				DEVELOPMENT_TEAM = 485UNLA592;
				INFOPLIST_FILE = "Animations tvOS/Info.plist";
				LD_RUNPATH_SEARCH_PATHS = "$(inherited) @executable_path/Frameworks";
				PRODUCT_BUNDLE_IDENTIFIER = com.mesterra.Animations;
				PRODUCT_NAME = Animations;
				SDKROOT = appletvos;
				SWIFT_VERSION = 4.0;
				TARGETED_DEVICE_FAMILY = 3;
				TVOS_DEPLOYMENT_TARGET = 11.2;
				VALIDATE_PRODUCT = YES;
			};
			name = Release;
		};
		960D03252033556F00321BC3 /* Debug */ = {
			isa = XCBuildConfiguration;
			buildSettings = {
				ASSETCATALOG_COMPILER_APPICON_NAME = AppIcon;
				CODE_SIGN_IDENTITY = "-";
				CODE_SIGN_STYLE = Automatic;
				COMBINE_HIDPI_IMAGES = YES;
				DEVELOPMENT_TEAM = 485UNLA592;
				INFOPLIST_FILE = "Animations macOS/Info.plist";
				LD_RUNPATH_SEARCH_PATHS = "$(inherited) @executable_path/../Frameworks";
				MACOSX_DEPLOYMENT_TARGET = 10.13;
				PRODUCT_BUNDLE_IDENTIFIER = com.mesterra.Animations;
				PRODUCT_NAME = Animations;
				SDKROOT = macosx;
				SWIFT_VERSION = 4.0;
			};
			name = Debug;
		};
		960D03262033556F00321BC3 /* Release */ = {
			isa = XCBuildConfiguration;
			buildSettings = {
				ASSETCATALOG_COMPILER_APPICON_NAME = AppIcon;
				CODE_SIGN_IDENTITY = "-";
				CODE_SIGN_STYLE = Automatic;
				COMBINE_HIDPI_IMAGES = YES;
				DEVELOPMENT_TEAM = 485UNLA592;
				INFOPLIST_FILE = "Animations macOS/Info.plist";
				LD_RUNPATH_SEARCH_PATHS = "$(inherited) @executable_path/../Frameworks";
				MACOSX_DEPLOYMENT_TARGET = 10.13;
				PRODUCT_BUNDLE_IDENTIFIER = com.mesterra.Animations;
				PRODUCT_NAME = Animations;
				SDKROOT = macosx;
				SWIFT_VERSION = 4.0;
			};
			name = Release;
		};
/* End XCBuildConfiguration section */

/* Begin XCConfigurationList section */
		960D02DC2033556F00321BC3 /* Build configuration list for PBXProject "Animations" */ = {
			isa = XCConfigurationList;
			buildConfigurations = (
				960D031C2033556F00321BC3 /* Debug */,
				960D031D2033556F00321BC3 /* Release */,
			);
			defaultConfigurationIsVisible = 0;
			defaultConfigurationName = Release;
		};
		960D031E2033556F00321BC3 /* Build configuration list for PBXNativeTarget "Animations iOS" */ = {
			isa = XCConfigurationList;
			buildConfigurations = (
				960D031F2033556F00321BC3 /* Debug */,
				960D03202033556F00321BC3 /* Release */,
			);
			defaultConfigurationIsVisible = 0;
			defaultConfigurationName = Release;
		};
		960D03212033556F00321BC3 /* Build configuration list for PBXNativeTarget "Animations tvOS" */ = {
			isa = XCConfigurationList;
			buildConfigurations = (
				960D03222033556F00321BC3 /* Debug */,
				960D03232033556F00321BC3 /* Release */,
			);
			defaultConfigurationIsVisible = 0;
			defaultConfigurationName = Release;
		};
		960D03242033556F00321BC3 /* Build configuration list for PBXNativeTarget "Animations macOS" */ = {
			isa = XCConfigurationList;
			buildConfigurations = (
				960D03252033556F00321BC3 /* Debug */,
				960D03262033556F00321BC3 /* Release */,
			);
			defaultConfigurationIsVisible = 0;
			defaultConfigurationName = Release;
		};
/* End XCConfigurationList section */
	};
	rootObject = 960D02D92033556F00321BC3 /* Project object */;
}
